{
  "name": "testpack",
  "version": "1.0.0",
  "lockfileVersion": 1,
  "requires": true,
  "dependencies": {
    "wittstack": {
      "version": "2.0.0",
      "resolved": "https://registry.npmjs.org/wittstack/-/wittstack-2.0.0.tgz",
      "integrity": "sha512-1h5VuuHNQT1KteyBwSyGKIoVHe3mufzFyCRVYLvGKB91sl/AHvqlD4Uf4zVLX14YR/8+97NhnGA0tEehnKaw/Q=="
    }
  }
}
